// !$*UTF8*$!
{
	archiveVersion = 1;
	classes = {
	};
	objectVersion = 46;
	objects = {

/* Begin PBXBuildFile section */
		A84E274E1373DB640098738B /* UIKit.framework in Frameworks */ = {isa = PBXBuildFile; fileRef = A84E274D1373DB640098738B /* UIKit.framework */; };
		A84E27501373DB640098738B /* Foundation.framework in Frameworks */ = {isa = PBXBuildFile; fileRef = A84E274F1373DB640098738B /* Foundation.framework */; };
		A84E27521373DB640098738B /* CoreGraphics.framework in Frameworks */ = {isa = PBXBuildFile; fileRef = A84E27511373DB640098738B /* CoreGraphics.framework */; };
		A84E27581373DB640098738B /* InfoPlist.strings in Resources */ = {isa = PBXBuildFile; fileRef = A84E27561373DB640098738B /* InfoPlist.strings */; };
		A84E275B1373DB640098738B /* main.m in Sources */ = {isa = PBXBuildFile; fileRef = A84E275A1373DB640098738B /* main.m */; };
		A84E275E1373DB640098738B /* HackSplitViewAppDelegate.m in Sources */ = {isa = PBXBuildFile; fileRef = A84E275D1373DB640098738B /* HackSplitViewAppDelegate.m */; };
		A84E27611373DB640098738B /* MainWindow.xib in Resources */ = {isa = PBXBuildFile; fileRef = A84E275F1373DB640098738B /* MainWindow.xib */; };
		A84E27641373DB640098738B /* DetailViewController.m in Sources */ = {isa = PBXBuildFile; fileRef = A84E27631373DB640098738B /* DetailViewController.m */; };
		A84E27671373DB640098738B /* DetailView.xib in Resources */ = {isa = PBXBuildFile; fileRef = A84E27651373DB640098738B /* DetailView.xib */; };
		A84E276A1373DB640098738B /* RootViewController.m in Sources */ = {isa = PBXBuildFile; fileRef = A84E27691373DB640098738B /* RootViewController.m */; };
/* End PBXBuildFile section */

/* Begin PBXFileReference section */
		A84E27491373DB640098738B /* HackSplitView.app */ = {isa = PBXFileReference; explicitFileType = wrapper.application; includeInIndex = 0; path = HackSplitView.app; sourceTree = BUILT_PRODUCTS_DIR; };
		A84E274D1373DB640098738B /* UIKit.framework */ = {isa = PBXFileReference; lastKnownFileType = wrapper.framework; name = UIKit.framework; path = System/Library/Frameworks/UIKit.framework; sourceTree = SDKROOT; };
		A84E274F1373DB640098738B /* Foundation.framework */ = {isa = PBXFileReference; lastKnownFileType = wrapper.framework; name = Foundation.framework; path = System/Library/Frameworks/Foundation.framework; sourceTree = SDKROOT; };
		A84E27511373DB640098738B /* CoreGraphics.framework */ = {isa = PBXFileReference; lastKnownFileType = wrapper.framework; name = CoreGraphics.framework; path = System/Library/Frameworks/CoreGraphics.framework; sourceTree = SDKROOT; };
		A84E27551373DB640098738B /* HackSplitView-Info.plist */ = {isa = PBXFileReference; path = "HackSplitView-Info.plist"; sourceTree = "<group>"; };
		A84E27571373DB640098738B /* en */ = {isa = PBXFileReference; lastKnownFileType = text.plist.strings; name = en; path = en.lproj/InfoPlist.strings; sourceTree = "<group>"; };
		A84E27591373DB640098738B /* HackSplitView-Prefix.pch */ = {isa = PBXFileReference; path = "HackSplitView-Prefix.pch"; sourceTree = "<group>"; };
		A84E275A1373DB640098738B /* main.m */ = {isa = PBXFileReference; lastKnownFileType = sourcecode.c.objc; path = main.m; sourceTree = "<group>"; };
		A84E275C1373DB640098738B /* HackSplitViewAppDelegate.h */ = {isa = PBXFileReference; path = HackSplitViewAppDelegate.h; sourceTree = "<group>"; };
		A84E275D1373DB640098738B /* HackSplitViewAppDelegate.m */ = {isa = PBXFileReference; lastKnownFileType = sourcecode.c.objc; path = HackSplitViewAppDelegate.m; sourceTree = "<group>"; };
		A84E27601373DB640098738B /* en */ = {isa = PBXFileReference; lastKnownFileType = file.xib; name = en; path = en.lproj/MainWindow.xib; sourceTree = "<group>"; };
		A84E27621373DB640098738B /* DetailViewController.h */ = {isa = PBXFileReference; path = DetailViewController.h; sourceTree = "<group>"; };
		A84E27631373DB640098738B /* DetailViewController.m */ = {isa = PBXFileReference; lastKnownFileType = sourcecode.c.objc; path = DetailViewController.m; sourceTree = "<group>"; };
		A84E27661373DB640098738B /* en */ = {isa = PBXFileReference; lastKnownFileType = file.xib; name = en; path = en.lproj/DetailView.xib; sourceTree = "<group>"; };
		A84E27681373DB640098738B /* RootViewController.h */ = {isa = PBXFileReference; path = RootViewController.h; sourceTree = "<group>"; };
		A84E27691373DB640098738B /* RootViewController.m */ = {isa = PBXFileReference; lastKnownFileType = sourcecode.c.objc; path = RootViewController.m; sourceTree = "<group>"; };
/* End PBXFileReference section */

/* Begin PBXFrameworksBuildPhase section */
		A84E27461373DB640098738B /* Frameworks */ = {
			isa = PBXFrameworksBuildPhase;
			buildActionMask = 2147483647;
			files = (
				A84E274E1373DB640098738B /* UIKit.framework in Frameworks */,
				A84E27501373DB640098738B /* Foundation.framework in Frameworks */,
				A84E27521373DB640098738B /* CoreGraphics.framework in Frameworks */,
			);
			runOnlyForDeploymentPostprocessing = 0;
		};
/* End PBXFrameworksBuildPhase section */

/* Begin PBXGroup section */
		A84E273E1373DB640098738B = {
			isa = PBXGroup;
			children = (
				A84E27531373DB640098738B /* HackSplitView */,
				A84E274C1373DB640098738B /* Frameworks */,
				A84E274A1373DB640098738B /* Products */,
			);
			sourceTree = "<group>";
		};
		A84E274A1373DB640098738B /* Products */ = {
			isa = PBXGroup;
			children = (
				A84E27491373DB640098738B /* HackSplitView.app */,
			);
			name = Products;
			sourceTree = "<group>";
		};
		A84E274C1373DB640098738B /* Frameworks */ = {
			isa = PBXGroup;
			children = (
				A84E274D1373DB640098738B /* UIKit.framework */,
				A84E274F1373DB640098738B /* Foundation.framework */,
				A84E27511373DB640098738B /* CoreGraphics.framework */,
			);
			name = Frameworks;
			sourceTree = "<group>";
		};
		A84E27531373DB640098738B /* HackSplitView */ = {
			isa = PBXGroup;
			children = (
				A84E275C1373DB640098738B /* HackSplitViewAppDelegate.h */,
				A84E275D1373DB640098738B /* HackSplitViewAppDelegate.m */,
				A84E275F1373DB640098738B /* MainWindow.xib */,
				A84E27621373DB640098738B /* DetailViewController.h */,
				A84E27631373DB640098738B /* DetailViewController.m */,
				A84E27651373DB640098738B /* DetailView.xib */,
				A84E27681373DB640098738B /* RootViewController.h */,
				A84E27691373DB640098738B /* RootViewController.m */,
				A84E27541373DB640098738B /* Supporting Files */,
			);
			path = HackSplitView;
			sourceTree = "<group>";
		};
		A84E27541373DB640098738B /* Supporting Files */ = {
			isa = PBXGroup;
			children = (
				A84E27551373DB640098738B /* HackSplitView-Info.plist */,
				A84E27561373DB640098738B /* InfoPlist.strings */,
				A84E27591373DB640098738B /* HackSplitView-Prefix.pch */,
				A84E275A1373DB640098738B /* main.m */,
			);
			name = "Supporting Files";
			sourceTree = "<group>";
		};
/* End PBXGroup section */

/* Begin PBXNativeTarget section */
		A84E27481373DB640098738B /* HackSplitView */ = {
			isa = PBXNativeTarget;
			buildConfigurationList = A84E276D1373DB640098738B /* Build configuration list for PBXNativeTarget "HackSplitView" */;
			buildPhases = (
				A84E27451373DB640098738B /* Sources */,
				A84E27461373DB640098738B /* Frameworks */,
				A84E27471373DB640098738B /* Resources */,
			);
			buildRules = (
			);
			dependencies = (
			);
			name = HackSplitView;
			productName = HackSplitView;
			productReference = A84E27491373DB640098738B /* HackSplitView.app */;
			productType = "com.apple.product-type.application";
		};
/* End PBXNativeTarget section */

/* Begin PBXProject section */
		A84E27401373DB640098738B /* Project object */ = {
			isa = PBXProject;
			buildConfigurationList = A84E27431373DB640098738B /* Build configuration list for PBXProject "HackSplitView" */;
			compatibilityVersion = "Xcode 3.2";
			developmentRegion = English;
			hasScannedForEncodings = 0;
			knownRegions = (
				en,
			);
			mainGroup = A84E273E1373DB640098738B;
			productRefGroup = A84E274A1373DB640098738B /* Products */;
			projectDirPath = "";
			projectRoot = "";
			targets = (
				A84E27481373DB640098738B /* HackSplitView */,
			);
		};
/* End PBXProject section */

/* Begin PBXResourcesBuildPhase section */
		A84E27471373DB640098738B /* Resources */ = {
			isa = PBXResourcesBuildPhase;
			buildActionMask = 2147483647;
			files = (
				A84E27581373DB640098738B /* InfoPlist.strings in Resources */,
				A84E27611373DB640098738B /* MainWindow.xib in Resources */,
				A84E27671373DB640098738B /* DetailView.xib in Resources */,
			);
			runOnlyForDeploymentPostprocessing = 0;
		};
/* End PBXResourcesBuildPhase section */

/* Begin PBXSourcesBuildPhase section */
		A84E27451373DB640098738B /* Sources */ = {
			isa = PBXSourcesBuildPhase;
			buildActionMask = 2147483647;
			files = (
				A84E275B1373DB640098738B /* main.m in Sources */,
				A84E275E1373DB640098738B /* HackSplitViewAppDelegate.m in Sources */,
				A84E27641373DB640098738B /* DetailViewController.m in Sources */,
				A84E276A1373DB640098738B /* RootViewController.m in Sources */,
			);
			runOnlyForDeploymentPostprocessing = 0;
		};
/* End PBXSourcesBuildPhase section */

/* Begin PBXVariantGroup section */
		A84E27561373DB640098738B /* InfoPlist.strings */ = {
			isa = PBXVariantGroup;
			children = (
				A84E27571373DB640098738B /* en */,
			);
			name = InfoPlist.strings;
			sourceTree = "<group>";
		};
		A84E275F1373DB640098738B /* MainWindow.xib */ = {
			isa = PBXVariantGroup;
			children = (
				A84E27601373DB640098738B /* en */,
			);
			name = MainWindow.xib;
			sourceTree = "<group>";
		};
		A84E27651373DB640098738B /* DetailView.xib */ = {
			isa = PBXVariantGroup;
			children = (
				A84E27661373DB640098738B /* en */,
			);
			name = DetailView.xib;
			sourceTree = "<group>";
		};
/* End PBXVariantGroup section */

/* Begin XCBuildConfiguration section */
		A84E276B1373DB640098738B /* Debug */ = {
			isa = XCBuildConfiguration;
			buildSettings = {
				ARCHS = "$(ARCHS_UNIVERSAL_IPHONE_OS)";
				"CODE_SIGN_IDENTITY[sdk=iphoneos*]" = "iPhone Developer";
				GCC_C_LANGUAGE_STANDARD = gnu99;
				GCC_OPTIMIZATION_LEVEL = 0;
				GCC_PREPROCESSOR_DEFINITIONS = DEBUG;
				GCC_SYMBOLS_PRIVATE_EXTERN = NO;
				GCC_VERSION = com.apple.compilers.llvmgcc42;
				GCC_WARN_ABOUT_RETURN_TYPE = YES;
				GCC_WARN_UNUSED_VARIABLE = YES;
				IPHONEOS_DEPLOYMENT_TARGET = 4.3;
				SDKROOT = iphoneos;
				TARGETED_DEVICE_FAMILY = 2;
			};
			name = Debug;
		};
		A84E276C1373DB640098738B /* Release */ = {
			isa = XCBuildConfiguration;
			buildSettings = {
				ARCHS = "$(ARCHS_UNIVERSAL_IPHONE_OS)";
				"CODE_SIGN_IDENTITY[sdk=iphoneos*]" = "iPhone Developer";
				GCC_C_LANGUAGE_STANDARD = gnu99;
				GCC_VERSION = com.apple.compilers.llvmgcc42;
				GCC_WARN_ABOUT_RETURN_TYPE = YES;
				GCC_WARN_UNUSED_VARIABLE = YES;
				IPHONEOS_DEPLOYMENT_TARGET = 4.3;
				OTHER_CFLAGS = "-DNS_BLOCK_ASSERTIONS=1";
				SDKROOT = iphoneos;
				TARGETED_DEVICE_FAMILY = 2;
			};
			name = Release;
		};
		A84E276E1373DB640098738B /* Debug */ = {
			isa = XCBuildConfiguration;
			buildSettings = {
				ALWAYS_SEARCH_USER_PATHS = NO;
				COPY_PHASE_STRIP = NO;
				GCC_DYNAMIC_NO_PIC = NO;
				GCC_PRECOMPILE_PREFIX_HEADER = YES;
				GCC_PREFIX_HEADER = "HackSplitView/HackSplitView-Prefix.pch";
				INFOPLIST_FILE = "HackSplitView/HackSplitView-Info.plist";
				PRODUCT_NAME = "$(TARGET_NAME)";
				WRAPPER_EXTENSION = app;
			};
			name = Debug;
		};
		A84E276F1373DB640098738B /* Release */ = {
			isa = XCBuildConfiguration;
			buildSettings = {
				ALWAYS_SEARCH_USER_PATHS = NO;
				COPY_PHASE_STRIP = YES;
				GCC_PRECOMPILE_PREFIX_HEADER = YES;
				GCC_PREFIX_HEADER = "HackSplitView/HackSplitView-Prefix.pch";
				INFOPLIST_FILE = "HackSplitView/HackSplitView-Info.plist";
				PRODUCT_NAME = "$(TARGET_NAME)";
				VALIDATE_PRODUCT = YES;
				WRAPPER_EXTENSION = app;
			};
			name = Release;
		};
/* End XCBuildConfiguration section */

/* Begin XCConfigurationList section */
		A84E27431373DB640098738B /* Build configuration list for PBXProject "HackSplitView" */ = {
			isa = XCConfigurationList;
			buildConfigurations = (
				A84E276B1373DB640098738B /* Debug */,
				A84E276C1373DB640098738B /* Release */,
			);
			defaultConfigurationIsVisible = 0;
			defaultConfigurationName = Release;
		};
		A84E276D1373DB640098738B /* Build configuration list for PBXNativeTarget "HackSplitView" */ = {
			isa = XCConfigurationList;
			buildConfigurations = (
				A84E276E1373DB640098738B /* Debug */,
				A84E276F1373DB640098738B /* Release */,
			);
			defaultConfigurationIsVisible = 0;
		};
/* End XCConfigurationList section */
	};
	rootObject = A84E27401373DB640098738B /* Project object */;
}
